
Microsoft Visual Studio Solution File, Format Version 12.00
# Visual Studio Version 17
VisualStudioVersion = 17.0.32112.339
MinimumVisualStudioVersion = 10.0.40219.1
Project("{FAE04EC0-301F-11D3-BF4B-00C04F79EFBC}") = "HigherOrLower", "HigherOrLower\HigherOrLower.csproj", "{A2D122DF-FC6E-4BB3-9292-F18E4C2E02C4}"
EndProject
Global
	GlobalSection(SolutionConfigurationPlatforms) = preSolution
		Debug|Any CPU = Debug|Any CPU
		Release|Any CPU = Release|Any CPU
	EndGlobalSection
	GlobalSection(ProjectConfigurationPlatforms) = postSolution
		{A2D122DF-FC6E-4BB3-9292-F18E4C2E02C4}.Debug|Any CPU.ActiveCfg = Debug|Any CPU
		{A2D122DF-FC6E-4BB3-9292-F18E4C2E02C4}.Debug|Any CPU.Build.0 = Debug|Any CPU
		{A2D122DF-FC6E-4BB3-9292-F18E4C2E02C4}.Release|Any CPU.ActiveCfg = Release|Any CPU
		{A2D122DF-FC6E-4BB3-9292-F18E4C2E02C4}.Release|Any CPU.Build.0 = Release|Any CPU
	EndGlobalSection
	GlobalSection(SolutionProperties) = preSolution
		HideSolutionNode = FALSE
	EndGlobalSection
	GlobalSection(ExtensibilityGlobals) = postSolution
		SolutionGuid = {6375FAA3-8D74-46AC-8E9E-D128B3BA4621}
	EndGlobalSection
EndGlobal
